
Microsoft Visual Studio Solution File, Format Version 12.00
# Visual Studio Version 17
VisualStudioVersion = 17.1.32319.34
MinimumVisualStudioVersion = 10.0.40219.1
Project("{FAE04EC0-301F-11D3-BF4B-00C04F79EFBC}") = "TechTree.Domain", "TechTree.Domain\TechTree.Domain.csproj", "{AC84ED24-8359-459A-8756-C00843FD4676}"
EndProject
Project("{FAE04EC0-301F-11D3-BF4B-00C04F79EFBC}") = "TechTree.Application", "TechTree.Application\TechTree.Application.csproj", "{67C8E796-8C9C-41F7-A43A-7CD6D7E4A44D}"
EndProject
Project("{FAE04EC0-301F-11D3-BF4B-00C04F79EFBC}") = "TechTree.Infrastructure", "TechTree.Infrastructure\TechTree.Infrastructure.csproj", "{862C3B71-6ACC-4725-B3E4-AEA2467045FD}"
EndProject
Project("{FAE04EC0-301F-11D3-BF4B-00C04F79EFBC}") = "TechTree.Persistence", "TechTree.Persistence\TechTree.Persistence.csproj", "{844A5244-1C70-4136-AF09-8B0356BE167D}"
EndProject
Project("{FAE04EC0-301F-11D3-BF4B-00C04F79EFBC}") = "TechTree.Presentation.Mvc", "TechTree.Presentation.Mvc\TechTree.Presentation.Mvc.csproj", "{D2BF45CF-A914-4667-BE27-9751FA051331}"
EndProject
Global
	GlobalSection(SolutionConfigurationPlatforms) = preSolution
		Debug|Any CPU = Debug|Any CPU
		Release|Any CPU = Release|Any CPU
	EndGlobalSection
	GlobalSection(ProjectConfigurationPlatforms) = postSolution
		{AC84ED24-8359-459A-8756-C00843FD4676}.Debug|Any CPU.ActiveCfg = Debug|Any CPU
		{AC84ED24-8359-459A-8756-C00843FD4676}.Debug|Any CPU.Build.0 = Debug|Any CPU
		{AC84ED24-8359-459A-8756-C00843FD4676}.Release|Any CPU.ActiveCfg = Release|Any CPU
		{AC84ED24-8359-459A-8756-C00843FD4676}.Release|Any CPU.Build.0 = Release|Any CPU
		{67C8E796-8C9C-41F7-A43A-7CD6D7E4A44D}.Debug|Any CPU.ActiveCfg = Debug|Any CPU
		{67C8E796-8C9C-41F7-A43A-7CD6D7E4A44D}.Debug|Any CPU.Build.0 = Debug|Any CPU
		{67C8E796-8C9C-41F7-A43A-7CD6D7E4A44D}.Release|Any CPU.ActiveCfg = Release|Any CPU
		{67C8E796-8C9C-41F7-A43A-7CD6D7E4A44D}.Release|Any CPU.Build.0 = Release|Any CPU
		{862C3B71-6ACC-4725-B3E4-AEA2467045FD}.Debug|Any CPU.ActiveCfg = Debug|Any CPU
		{862C3B71-6ACC-4725-B3E4-AEA2467045FD}.Debug|Any CPU.Build.0 = Debug|Any CPU
		{862C3B71-6ACC-4725-B3E4-AEA2467045FD}.Release|Any CPU.ActiveCfg = Release|Any CPU
		{862C3B71-6ACC-4725-B3E4-AEA2467045FD}.Release|Any CPU.Build.0 = Release|Any CPU
		{844A5244-1C70-4136-AF09-8B0356BE167D}.Debug|Any CPU.ActiveCfg = Debug|Any CPU
		{844A5244-1C70-4136-AF09-8B0356BE167D}.Debug|Any CPU.Build.0 = Debug|Any CPU
		{844A5244-1C70-4136-AF09-8B0356BE167D}.Release|Any CPU.ActiveCfg = Release|Any CPU
		{844A5244-1C70-4136-AF09-8B0356BE167D}.Release|Any CPU.Build.0 = Release|Any CPU
		{D2BF45CF-A914-4667-BE27-9751FA051331}.Debug|Any CPU.ActiveCfg = Debug|Any CPU
		{D2BF45CF-A914-4667-BE27-9751FA051331}.Debug|Any CPU.Build.0 = Debug|Any CPU
		{D2BF45CF-A914-4667-BE27-9751FA051331}.Release|Any CPU.ActiveCfg = Release|Any CPU
		{D2BF45CF-A914-4667-BE27-9751FA051331}.Release|Any CPU.Build.0 = Release|Any CPU
	EndGlobalSection
	GlobalSection(SolutionProperties) = preSolution
		HideSolutionNode = FALSE
	EndGlobalSection
	GlobalSection(ExtensibilityGlobals) = postSolution
		SolutionGuid = {AAA4DA0C-821F-46A1-B82D-D6585DC5E1A5}
	EndGlobalSection
EndGlobal
